<?xml version="1.0" encoding="utf-8"?>
<Project ToolsVersion="4.0" xmlns="http://schemas.microsoft.com/developer/msbuild/2003">
  <ItemGroup>
    <ClCompile Include="Framework.cpp" />
    <ClCompile Include="main.cpp" />
    <ClCompile Include="Utils.cpp">
      <Filter>Component</Filter>
    </ClCompile>
    <ClCompile Include="Scene.cpp">
      <Filter>Scene</Filter>
    </ClCompile>
    <ClCompile Include="InputManager.cpp">
      <Filter>Managers</Filter>
    </ClCompile>
    <ClCompile Include="GameObject.cpp">
      <Filter>Object</Filter>
    </ClCompile>
    <ClCompile Include="SceneDev1.cpp">
      <Filter>Scene</Filter>
    </ClCompile>
    <ClCompile Include="SpriteGo.cpp">
      <Filter>Object</Filter>
    </ClCompile>
    <ClCompile Include="SceneManager.cpp">
      <Filter>Managers</Filter>
    </ClCompile>
    <ClCompile Include="stdafx.cpp">
      <Filter>inc</Filter>
    </ClCompile>
    <ClCompile Include="TextGo.cpp">
      <Filter>Object</Filter>
    </ClCompile>
    <ClCompile Include="Player.cpp">
      <Filter>Object</Filter>
    </ClCompile>
    <ClCompile Include="SceneBattle.cpp">
      <Filter>Scene</Filter>
    </ClCompile>
    <ClCompile Include="Animation.cpp">
      <Filter>Component</Filter>
    </ClCompile>
    <ClCompile Include="Enemy.cpp">
      <Filter>Object</Filter>
    </ClCompile>
    <ClCompile Include="Card.cpp">
      <Filter>Object</Filter>
    </ClCompile>
    <ClCompile Include="DeckController.cpp">
      <Filter>Component</Filter>
    </ClCompile>
  </ItemGroup>
  <ItemGroup>
    <ClInclude Include="Framework.h" />
    <ClInclude Include="stdafx.h">
      <Filter>inc</Filter>
    </ClInclude>
    <ClInclude Include="Utils.h">
      <Filter>Component</Filter>
    </ClInclude>
    <ClInclude Include="Scene.h">
      <Filter>Scene</Filter>
    </ClInclude>
    <ClInclude Include="ResourceManager.h">
      <Filter>Managers</Filter>
    </ClInclude>
    <ClInclude Include="InputManager.h">
      <Filter>Managers</Filter>
    </ClInclude>
    <ClInclude Include="GameObject.h">
      <Filter>Object</Filter>
    </ClInclude>
    <ClInclude Include="SceneDev1.h">
      <Filter>Scene</Filter>
    </ClInclude>
    <ClInclude Include="SpriteGo.h">
      <Filter>Object</Filter>
    </ClInclude>
    <ClInclude Include="SceneManager.h">
      <Filter>Managers</Filter>
    </ClInclude>
    <ClInclude Include="Defines.h">
      <Filter>inc</Filter>
    </ClInclude>
    <ClInclude Include="Singleton.h">
      <Filter>Component</Filter>
    </ClInclude>
    <ClInclude Include="TextGo.h">
      <Filter>Object</Filter>
    </ClInclude>
    <ClInclude Include="Player.h">
      <Filter>Object</Filter>
    </ClInclude>
    <ClInclude Include="SceneBattle.h">
      <Filter>Scene</Filter>
    </ClInclude>
    <ClInclude Include="Animation.h">
      <Filter>Component</Filter>
    </ClInclude>
    <ClInclude Include="Enemy.h">
      <Filter>Object</Filter>
    </ClInclude>
    <ClInclude Include="Card.h">
      <Filter>Object</Filter>
    </ClInclude>
    <ClInclude Include="DeckController.h">
      <Filter>Component</Filter>
    </ClInclude>
  </ItemGroup>
  <ItemGroup>
    <Filter Include="Scene">
      <UniqueIdentifier>{7b4aa7a4-6170-4278-a154-b6f91a98da35}</UniqueIdentifier>
    </Filter>
    <Filter Include="inc">
      <UniqueIdentifier>{00043610-46ec-4773-90f1-62d4b8483f48}</UniqueIdentifier>
    </Filter>
    <Filter Include="Component">
      <UniqueIdentifier>{91057e4e-e154-4b33-9121-0afa93b9fc0b}</UniqueIdentifier>
    </Filter>
    <Filter Include="Managers">
      <UniqueIdentifier>{676154c1-a27a-488a-a4c4-e4626da4717d}</UniqueIdentifier>
    </Filter>
    <Filter Include="Object">
      <UniqueIdentifier>{a96a4fcf-4725-4f71-a279-6d972274364b}</UniqueIdentifier>
    </Filter>
  </ItemGroup>
</Project>